// !$*UTF8*$!
{
	archiveVersion = 1;
	classes = {
	};
	objectVersion = 46;
	objects = {

/* Begin PBXBuildFile section */
		8BFA7A811B5E2F110050931E /* main.m in Sources */ = {isa = PBXBuildFile; fileRef = 8BFA7A801B5E2F110050931E /* main.m */; };
		8BFA7A841B5E2F110050931E /* AppDelegate.m in Sources */ = {isa = PBXBuildFile; fileRef = 8BFA7A831B5E2F110050931E /* AppDelegate.m */; };
		8BFA7A871B5E2F110050931E /* ViewController.m in Sources */ = {isa = PBXBuildFile; fileRef = 8BFA7A861B5E2F110050931E /* ViewController.m */; };
		8BFA7A8A1B5E2F110050931E /* Main.storyboard in Resources */ = {isa = PBXBuildFile; fileRef = 8BFA7A881B5E2F110050931E /* Main.storyboard */; };
		8BFA7A8C1B5E2F110050931E /* Images.xcassets in Resources */ = {isa = PBXBuildFile; fileRef = 8BFA7A8B1B5E2F110050931E /* Images.xcassets */; };
		8BFA7A8F1B5E2F110050931E /* LaunchScreen.xib in Resources */ = {isa = PBXBuildFile; fileRef = 8BFA7A8D1B5E2F110050931E /* LaunchScreen.xib */; };
		8BFA7A9B1B5E2F110050931E /* CustomActionSheetTests.m in Sources */ = {isa = PBXBuildFile; fileRef = 8BFA7A9A1B5E2F110050931E /* CustomActionSheetTests.m */; };
/* End PBXBuildFile section */

/* Begin PBXContainerItemProxy section */
		8BFA7A951B5E2F110050931E /* PBXContainerItemProxy */ = {
			isa = PBXContainerItemProxy;
			containerPortal = 8BFA7A731B5E2F110050931E /* Project object */;
			proxyType = 1;
			remoteGlobalIDString = 8BFA7A7A1B5E2F110050931E;
			remoteInfo = CustomActionSheet;
		};
/* End PBXContainerItemProxy section */

/* Begin PBXFileReference section */
		8BFA7A7B1B5E2F110050931E /* CustomActionSheet.app */ = {isa = PBXFileReference; explicitFileType = wrapper.application; includeInIndex = 0; path = CustomActionSheet.app; sourceTree = BUILT_PRODUCTS_DIR; };
		8BFA7A7F1B5E2F110050931E /* Info.plist */ = {isa = PBXFileReference; lastKnownFileType = text.plist.xml; path = Info.plist; sourceTree = "<group>"; };
		8BFA7A801B5E2F110050931E /* main.m */ = {isa = PBXFileReference; lastKnownFileType = sourcecode.c.objc; path = main.m; sourceTree = "<group>"; };
		8BFA7A821B5E2F110050931E /* AppDelegate.h */ = {isa = PBXFileReference; lastKnownFileType = sourcecode.c.h; path = AppDelegate.h; sourceTree = "<group>"; };
		8BFA7A831B5E2F110050931E /* AppDelegate.m */ = {isa = PBXFileReference; lastKnownFileType = sourcecode.c.objc; path = AppDelegate.m; sourceTree = "<group>"; };
		8BFA7A851B5E2F110050931E /* ViewController.h */ = {isa = PBXFileReference; lastKnownFileType = sourcecode.c.h; path = ViewController.h; sourceTree = "<group>"; };
		8BFA7A861B5E2F110050931E /* ViewController.m */ = {isa = PBXFileReference; lastKnownFileType = sourcecode.c.objc; path = ViewController.m; sourceTree = "<group>"; };
		8BFA7A891B5E2F110050931E /* Base */ = {isa = PBXFileReference; lastKnownFileType = file.storyboard; name = Base; path = Base.lproj/Main.storyboard; sourceTree = "<group>"; };
		8BFA7A8B1B5E2F110050931E /* Images.xcassets */ = {isa = PBXFileReference; lastKnownFileType = folder.assetcatalog; path = Images.xcassets; sourceTree = "<group>"; };
		8BFA7A8E1B5E2F110050931E /* Base */ = {isa = PBXFileReference; lastKnownFileType = file.xib; name = Base; path = Base.lproj/LaunchScreen.xib; sourceTree = "<group>"; };
		8BFA7A941B5E2F110050931E /* CustomActionSheetTests.xctest */ = {isa = PBXFileReference; explicitFileType = wrapper.cfbundle; includeInIndex = 0; path = CustomActionSheetTests.xctest; sourceTree = BUILT_PRODUCTS_DIR; };
		8BFA7A991B5E2F110050931E /* Info.plist */ = {isa = PBXFileReference; lastKnownFileType = text.plist.xml; path = Info.plist; sourceTree = "<group>"; };
		8BFA7A9A1B5E2F110050931E /* CustomActionSheetTests.m */ = {isa = PBXFileReference; lastKnownFileType = sourcecode.c.objc; path = CustomActionSheetTests.m; sourceTree = "<group>"; };
/* End PBXFileReference section */

/* Begin PBXFrameworksBuildPhase section */
		8BFA7A781B5E2F110050931E /* Frameworks */ = {
			isa = PBXFrameworksBuildPhase;
			buildActionMask = 2147483647;
			files = (
			);
			runOnlyForDeploymentPostprocessing = 0;
		};
		8BFA7A911B5E2F110050931E /* Frameworks */ = {
			isa = PBXFrameworksBuildPhase;
			buildActionMask = 2147483647;
			files = (
			);
			runOnlyForDeploymentPostprocessing = 0;
		};
/* End PBXFrameworksBuildPhase section */

/* Begin PBXGroup section */
		8BFA7A721B5E2F110050931E = {
			isa = PBXGroup;
			children = (
				8BFA7A7D1B5E2F110050931E /* CustomActionSheet */,
				8BFA7A971B5E2F110050931E /* CustomActionSheetTests */,
				8BFA7A7C1B5E2F110050931E /* Products */,
			);
			sourceTree = "<group>";
		};
		8BFA7A7C1B5E2F110050931E /* Products */ = {
			isa = PBXGroup;
			children = (
				8BFA7A7B1B5E2F110050931E /* CustomActionSheet.app */,
				8BFA7A941B5E2F110050931E /* CustomActionSheetTests.xctest */,
			);
			name = Products;
			sourceTree = "<group>";
		};
		8BFA7A7D1B5E2F110050931E /* CustomActionSheet */ = {
			isa = PBXGroup;
			children = (
				8BFA7A821B5E2F110050931E /* AppDelegate.h */,
				8BFA7A831B5E2F110050931E /* AppDelegate.m */,
				8BFA7A851B5E2F110050931E /* ViewController.h */,
				8BFA7A861B5E2F110050931E /* ViewController.m */,
				8BFA7A881B5E2F110050931E /* Main.storyboard */,
				8BFA7A8B1B5E2F110050931E /* Images.xcassets */,
				8BFA7A8D1B5E2F110050931E /* LaunchScreen.xib */,
				8BFA7A7E1B5E2F110050931E /* Supporting Files */,
			);
			path = CustomActionSheet;
			sourceTree = "<group>";
		};
		8BFA7A7E1B5E2F110050931E /* Supporting Files */ = {
			isa = PBXGroup;
			children = (
				8BFA7A7F1B5E2F110050931E /* Info.plist */,
				8BFA7A801B5E2F110050931E /* main.m */,
			);
			name = "Supporting Files";
			sourceTree = "<group>";
		};
		8BFA7A971B5E2F110050931E /* CustomActionSheetTests */ = {
			isa = PBXGroup;
			children = (
				8BFA7A9A1B5E2F110050931E /* CustomActionSheetTests.m */,
				8BFA7A981B5E2F110050931E /* Supporting Files */,
			);
			path = CustomActionSheetTests;
			sourceTree = "<group>";
		};
		8BFA7A981B5E2F110050931E /* Supporting Files */ = {
			isa = PBXGroup;
			children = (
				8BFA7A991B5E2F110050931E /* Info.plist */,
			);
			name = "Supporting Files";
			sourceTree = "<group>";
		};
/* End PBXGroup section */

/* Begin PBXNativeTarget section */
		8BFA7A7A1B5E2F110050931E /* CustomActionSheet */ = {
			isa = PBXNativeTarget;
			buildConfigurationList = 8BFA7A9E1B5E2F110050931E /* Build configuration list for PBXNativeTarget "CustomActionSheet" */;
			buildPhases = (
				8BFA7A771B5E2F110050931E /* Sources */,
				8BFA7A781B5E2F110050931E /* Frameworks */,
				8BFA7A791B5E2F110050931E /* Resources */,
			);
			buildRules = (
			);
			dependencies = (
			);
			name = CustomActionSheet;
			productName = CustomActionSheet;
			productReference = 8BFA7A7B1B5E2F110050931E /* CustomActionSheet.app */;
			productType = "com.apple.product-type.application";
		};
		8BFA7A931B5E2F110050931E /* CustomActionSheetTests */ = {
			isa = PBXNativeTarget;
			buildConfigurationList = 8BFA7AA11B5E2F110050931E /* Build configuration list for PBXNativeTarget "CustomActionSheetTests" */;
			buildPhases = (
				8BFA7A901B5E2F110050931E /* Sources */,
				8BFA7A911B5E2F110050931E /* Frameworks */,
				8BFA7A921B5E2F110050931E /* Resources */,
			);
			buildRules = (
			);
			dependencies = (
				8BFA7A961B5E2F110050931E /* PBXTargetDependency */,
			);
			name = CustomActionSheetTests;
			productName = CustomActionSheetTests;
			productReference = 8BFA7A941B5E2F110050931E /* CustomActionSheetTests.xctest */;
			productType = "com.apple.product-type.bundle.unit-test";
		};
/* End PBXNativeTarget section */

/* Begin PBXProject section */
		8BFA7A731B5E2F110050931E /* Project object */ = {
			isa = PBXProject;
			attributes = {
				LastUpgradeCheck = 0630;
				ORGANIZATIONNAME = developer;
				TargetAttributes = {
					8BFA7A7A1B5E2F110050931E = {
						CreatedOnToolsVersion = 6.3;
					};
					8BFA7A931B5E2F110050931E = {
						CreatedOnToolsVersion = 6.3;
						TestTargetID = 8BFA7A7A1B5E2F110050931E;
					};
				};
			};
			buildConfigurationList = 8BFA7A761B5E2F110050931E /* Build configuration list for PBXProject "CustomActionSheet" */;
			compatibilityVersion = "Xcode 3.2";
			developmentRegion = English;
			hasScannedForEncodings = 0;
			knownRegions = (
				en,
				Base,
			);
			mainGroup = 8BFA7A721B5E2F110050931E;
			productRefGroup = 8BFA7A7C1B5E2F110050931E /* Products */;
			projectDirPath = "";
			projectRoot = "";
			targets = (
				8BFA7A7A1B5E2F110050931E /* CustomActionSheet */,
				8BFA7A931B5E2F110050931E /* CustomActionSheetTests */,
			);
		};
/* End PBXProject section */

/* Begin PBXResourcesBuildPhase section */
		8BFA7A791B5E2F110050931E /* Resources */ = {
			isa = PBXResourcesBuildPhase;
			buildActionMask = 2147483647;
			files = (
				8BFA7A8A1B5E2F110050931E /* Main.storyboard in Resources */,
				8BFA7A8F1B5E2F110050931E /* LaunchScreen.xib in Resources */,
				8BFA7A8C1B5E2F110050931E /* Images.xcassets in Resources */,
			);
			runOnlyForDeploymentPostprocessing = 0;
		};
		8BFA7A921B5E2F110050931E /* Resources */ = {
			isa = PBXResourcesBuildPhase;
			buildActionMask = 2147483647;
			files = (
			);
			runOnlyForDeploymentPostprocessing = 0;
		};
/* End PBXResourcesBuildPhase section */

/* Begin PBXSourcesBuildPhase section */
		8BFA7A771B5E2F110050931E /* Sources */ = {
			isa = PBXSourcesBuildPhase;
			buildActionMask = 2147483647;
			files = (
				8BFA7A871B5E2F110050931E /* ViewController.m in Sources */,
				8BFA7A841B5E2F110050931E /* AppDelegate.m in Sources */,
				8BFA7A811B5E2F110050931E /* main.m in Sources */,
			);
			runOnlyForDeploymentPostprocessing = 0;
		};
		8BFA7A901B5E2F110050931E /* Sources */ = {
			isa = PBXSourcesBuildPhase;
			buildActionMask = 2147483647;
			files = (
				8BFA7A9B1B5E2F110050931E /* CustomActionSheetTests.m in Sources */,
			);
			runOnlyForDeploymentPostprocessing = 0;
		};
/* End PBXSourcesBuildPhase section */

/* Begin PBXTargetDependency section */
		8BFA7A961B5E2F110050931E /* PBXTargetDependency */ = {
			isa = PBXTargetDependency;
			target = 8BFA7A7A1B5E2F110050931E /* CustomActionSheet */;
			targetProxy = 8BFA7A951B5E2F110050931E /* PBXContainerItemProxy */;
		};
/* End PBXTargetDependency section */

/* Begin PBXVariantGroup section */
		8BFA7A881B5E2F110050931E /* Main.storyboard */ = {
			isa = PBXVariantGroup;
			children = (
				8BFA7A891B5E2F110050931E /* Base */,
			);
			name = Main.storyboard;
			sourceTree = "<group>";
		};
		8BFA7A8D1B5E2F110050931E /* LaunchScreen.xib */ = {
			isa = PBXVariantGroup;
			children = (
				8BFA7A8E1B5E2F110050931E /* Base */,
			);
			name = LaunchScreen.xib;
			sourceTree = "<group>";
		};
/* End PBXVariantGroup section */

/* Begin XCBuildConfiguration section */
		8BFA7A9C1B5E2F110050931E /* Debug */ = {
			isa = XCBuildConfiguration;
			buildSettings = {
				ALWAYS_SEARCH_USER_PATHS = NO;
				CLANG_CXX_LANGUAGE_STANDARD = "gnu++0x";
				CLANG_CXX_LIBRARY = "libc++";
				CLANG_ENABLE_MODULES = YES;
				CLANG_ENABLE_OBJC_ARC = YES;
				CLANG_WARN_BOOL_CONVERSION = YES;
				CLANG_WARN_CONSTANT_CONVERSION = YES;
				CLANG_WARN_DIRECT_OBJC_ISA_USAGE = YES_ERROR;
				CLANG_WARN_EMPTY_BODY = YES;
				CLANG_WARN_ENUM_CONVERSION = YES;
				CLANG_WARN_INT_CONVERSION = YES;
				CLANG_WARN_OBJC_ROOT_CLASS = YES_ERROR;
				CLANG_WARN_UNREACHABLE_CODE = YES;
				CLANG_WARN__DUPLICATE_METHOD_MATCH = YES;
				"CODE_SIGN_IDENTITY[sdk=iphoneos*]" = "iPhone Developer";
				COPY_PHASE_STRIP = NO;
				DEBUG_INFORMATION_FORMAT = "dwarf-with-dsym";
				ENABLE_STRICT_OBJC_MSGSEND = YES;
				GCC_C_LANGUAGE_STANDARD = gnu99;
				GCC_DYNAMIC_NO_PIC = NO;
				GCC_NO_COMMON_BLOCKS = YES;
				GCC_OPTIMIZATION_LEVEL = 0;
				GCC_PREPROCESSOR_DEFINITIONS = (
					"DEBUG=1",
					"$(inherited)",
				);
				GCC_SYMBOLS_PRIVATE_EXTERN = NO;
				GCC_WARN_64_TO_32_BIT_CONVERSION = YES;
				GCC_WARN_ABOUT_RETURN_TYPE = YES_ERROR;
				GCC_WARN_UNDECLARED_SELECTOR = YES;
				GCC_WARN_UNINITIALIZED_AUTOS = YES_AGGRESSIVE;
				GCC_WARN_UNUSED_FUNCTION = YES;
				GCC_WARN_UNUSED_VARIABLE = YES;
				IPHONEOS_DEPLOYMENT_TARGET = 8.3;
				MTL_ENABLE_DEBUG_INFO = YES;
				ONLY_ACTIVE_ARCH = YES;
				SDKROOT = iphoneos;
			};
			name = Debug;
		};
		8BFA7A9D1B5E2F110050931E /* Release */ = {
			isa = XCBuildConfiguration;
			buildSettings = {
				ALWAYS_SEARCH_USER_PATHS = NO;
				CLANG_CXX_LANGUAGE_STANDARD = "gnu++0x";
				CLANG_CXX_LIBRARY = "libc++";
				CLANG_ENABLE_MODULES = YES;
				CLANG_ENABLE_OBJC_ARC = YES;
				CLANG_WARN_BOOL_CONVERSION = YES;
				CLANG_WARN_CONSTANT_CONVERSION = YES;
				CLANG_WARN_DIRECT_OBJC_ISA_USAGE = YES_ERROR;
				CLANG_WARN_EMPTY_BODY = YES;
				CLANG_WARN_ENUM_CONVERSION = YES;
				CLANG_WARN_INT_CONVERSION = YES;
				CLANG_WARN_OBJC_ROOT_CLASS = YES_ERROR;
				CLANG_WARN_UNREACHABLE_CODE = YES;
				CLANG_WARN__DUPLICATE_METHOD_MATCH = YES;
				"CODE_SIGN_IDENTITY[sdk=iphoneos*]" = "iPhone Developer";
				COPY_PHASE_STRIP = NO;
				DEBUG_INFORMATION_FORMAT = "dwarf-with-dsym";
				ENABLE_NS_ASSERTIONS = NO;
				ENABLE_STRICT_OBJC_MSGSEND = YES;
				GCC_C_LANGUAGE_STANDARD = gnu99;
				GCC_NO_COMMON_BLOCKS = YES;
				GCC_WARN_64_TO_32_BIT_CONVERSION = YES;
				GCC_WARN_ABOUT_RETURN_TYPE = YES_ERROR;
				GCC_WARN_UNDECLARED_SELECTOR = YES;
				GCC_WARN_UNINITIALIZED_AUTOS = YES_AGGRESSIVE;
				GCC_WARN_UNUSED_FUNCTION = YES;
				GCC_WARN_UNUSED_VARIABLE = YES;
				IPHONEOS_DEPLOYMENT_TARGET = 8.3;
				MTL_ENABLE_DEBUG_INFO = NO;
				SDKROOT = iphoneos;
				VALIDATE_PRODUCT = YES;
			};
			name = Release;
		};
		8BFA7A9F1B5E2F110050931E /* Debug */ = {
			isa = XCBuildConfiguration;
			buildSettings = {
				ASSETCATALOG_COMPILER_APPICON_NAME = AppIcon;
				INFOPLIST_FILE = CustomActionSheet/Info.plist;
				LD_RUNPATH_SEARCH_PATHS = "$(inherited) @executable_path/Frameworks";
				PRODUCT_NAME = "$(TARGET_NAME)";
			};
			name = Debug;
		};
		8BFA7AA01B5E2F110050931E /* Release */ = {
			isa = XCBuildConfiguration;
			buildSettings = {
				ASSETCATALOG_COMPILER_APPICON_NAME = AppIcon;
				INFOPLIST_FILE = CustomActionSheet/Info.plist;
				LD_RUNPATH_SEARCH_PATHS = "$(inherited) @executable_path/Frameworks";
				PRODUCT_NAME = "$(TARGET_NAME)";
			};
			name = Release;
		};
		8BFA7AA21B5E2F110050931E /* Debug */ = {
			isa = XCBuildConfiguration;
			buildSettings = {
				BUNDLE_LOADER = "$(TEST_HOST)";
				FRAMEWORK_SEARCH_PATHS = (
					"$(SDKROOT)/Developer/Library/Frameworks",
					"$(inherited)",
				);
				GCC_PREPROCESSOR_DEFINITIONS = (
					"DEBUG=1",
					"$(inherited)",
				);
				INFOPLIST_FILE = CustomActionSheetTests/Info.plist;
				LD_RUNPATH_SEARCH_PATHS = "$(inherited) @executable_path/Frameworks @loader_path/Frameworks";
				PRODUCT_NAME = "$(TARGET_NAME)";
				TEST_HOST = "$(BUILT_PRODUCTS_DIR)/CustomActionSheet.app/CustomActionSheet";
			};
			name = Debug;
		};
		8BFA7AA31B5E2F110050931E /* Release */ = {
			isa = XCBuildConfiguration;
			buildSettings = {
				BUNDLE_LOADER = "$(TEST_HOST)";
				FRAMEWORK_SEARCH_PATHS = (
					"$(SDKROOT)/Developer/Library/Frameworks",
					"$(inherited)",
				);
				INFOPLIST_FILE = CustomActionSheetTests/Info.plist;
				LD_RUNPATH_SEARCH_PATHS = "$(inherited) @executable_path/Frameworks @loader_path/Frameworks";
				PRODUCT_NAME = "$(TARGET_NAME)";
				TEST_HOST = "$(BUILT_PRODUCTS_DIR)/CustomActionSheet.app/CustomActionSheet";
			};
			name = Release;
		};
/* End XCBuildConfiguration section */

/* Begin XCConfigurationList section */
		8BFA7A761B5E2F110050931E /* Build configuration list for PBXProject "CustomActionSheet" */ = {
			isa = XCConfigurationList;
			buildConfigurations = (
				8BFA7A9C1B5E2F110050931E /* Debug */,
				8BFA7A9D1B5E2F110050931E /* Release */,
			);
			defaultConfigurationIsVisible = 0;
			defaultConfigurationName = Release;
		};
		8BFA7A9E1B5E2F110050931E /* Build configuration list for PBXNativeTarget "CustomActionSheet" */ = {
			isa = XCConfigurationList;
			buildConfigurations = (
				8BFA7A9F1B5E2F110050931E /* Debug */,
				8BFA7AA01B5E2F110050931E /* Release */,
			);
			defaultConfigurationIsVisible = 0;
		};
		8BFA7AA11B5E2F110050931E /* Build configuration list for PBXNativeTarget "CustomActionSheetTests" */ = {
			isa = XCConfigurationList;
			buildConfigurations = (
				8BFA7AA21B5E2F110050931E /* Debug */,
				8BFA7AA31B5E2F110050931E /* Release */,
			);
			defaultConfigurationIsVisible = 0;
		};
/* End XCConfigurationList section */
	};
	rootObject = 8BFA7A731B5E2F110050931E /* Project object */;
}
